
Microsoft Visual Studio Solution File, Format Version 12.00
# Visual Studio Version 17
VisualStudioVersion = 17.6.33815.320
MinimumVisualStudioVersion = 10.0.40219.1
Project("{FAE04EC0-301F-11D3-BF4B-00C04F79EFBC}") = "helloworldCI-CD", "helloworldCI-CD\helloworldCI-CD.csproj", "{86195ED4-0769-4ECF-9085-666CB0309782}"
EndProject
Global
	GlobalSection(SolutionConfigurationPlatforms) = preSolution
		Debug|Any CPU = Debug|Any CPU
		Release|Any CPU = Release|Any CPU
	EndGlobalSection
	GlobalSection(ProjectConfigurationPlatforms) = postSolution
		{86195ED4-0769-4ECF-9085-666CB0309782}.Debug|Any CPU.ActiveCfg = Debug|Any CPU
		{86195ED4-0769-4ECF-9085-666CB0309782}.Debug|Any CPU.Build.0 = Debug|Any CPU
		{86195ED4-0769-4ECF-9085-666CB0309782}.Release|Any CPU.ActiveCfg = Release|Any CPU
		{86195ED4-0769-4ECF-9085-666CB0309782}.Release|Any CPU.Build.0 = Release|Any CPU
	EndGlobalSection
	GlobalSection(SolutionProperties) = preSolution
		HideSolutionNode = FALSE
	EndGlobalSection
	GlobalSection(ExtensibilityGlobals) = postSolution
		SolutionGuid = {2A7EAC64-CEF8-4B2E-86C5-5AA65965E585}
	EndGlobalSection
EndGlobal
